
Microsoft Visual Studio Solution File, Format Version 12.00
# Visual Studio 15
VisualStudioVersion = 15.0.26430.6
MinimumVisualStudioVersion = 10.0.40219.1
Project("{FAE04EC0-301F-11D3-BF4B-00C04F79EFBC}") = "MaratonaXamarin.Android", "MaratonaXamarin\MaratonaXamarin.Android\MaratonaXamarin.Android.csproj", "{E4F78CC5-24B4-4C63-A706-B04787DC7296}"
EndProject
Project("{FAE04EC0-301F-11D3-BF4B-00C04F79EFBC}") = "MaratonaXamarin", "MaratonaXamarin\MaratonaXamarin\MaratonaXamarin.csproj", "{1C622F9E-2264-4DAF-9954-AC6C8CD31A55}"
EndProject
Project("{FAE04EC0-301F-11D3-BF4B-00C04F79EFBC}") = "MaratonaXamarin.UWP", "MaratonaXamarin\MaratonaXamarin.UWP\MaratonaXamarin.UWP.csproj", "{B76FE410-7E2C-4696-ABCD-13EE295E9AEA}"
EndProject
Project("{FAE04EC0-301F-11D3-BF4B-00C04F79EFBC}") = "MaratonaXamarin.iOS", "MaratonaXamarin\MaratonaXamarin.iOS\MaratonaXamarin.iOS.csproj", "{B7DD3729-3475-4F1B-832B-67C2939ABC21}"
EndProject
Global
	GlobalSection(SolutionConfigurationPlatforms) = preSolution
		Ad-Hoc|Any CPU = Ad-Hoc|Any CPU
		Ad-Hoc|ARM = Ad-Hoc|ARM
		Ad-Hoc|iPhone = Ad-Hoc|iPhone
		Ad-Hoc|iPhoneSimulator = Ad-Hoc|iPhoneSimulator
		Ad-Hoc|x64 = Ad-Hoc|x64
		Ad-Hoc|x86 = Ad-Hoc|x86
		AppStore|Any CPU = AppStore|Any CPU
		AppStore|ARM = AppStore|ARM
		AppStore|iPhone = AppStore|iPhone
		AppStore|iPhoneSimulator = AppStore|iPhoneSimulator
		AppStore|x64 = AppStore|x64
		AppStore|x86 = AppStore|x86
		Debug|Any CPU = Debug|Any CPU
		Debug|ARM = Debug|ARM
		Debug|iPhone = Debug|iPhone
		Debug|iPhoneSimulator = Debug|iPhoneSimulator
		Debug|x64 = Debug|x64
		Debug|x86 = Debug|x86
		Release|Any CPU = Release|Any CPU
		Release|ARM = Release|ARM
		Release|iPhone = Release|iPhone
		Release|iPhoneSimulator = Release|iPhoneSimulator
		Release|x64 = Release|x64
		Release|x86 = Release|x86
	EndGlobalSection
	GlobalSection(ProjectConfigurationPlatforms) = postSolution
		{E4F78CC5-24B4-4C63-A706-B04787DC7296}.Ad-Hoc|Any CPU.ActiveCfg = Release|Any CPU
		{E4F78CC5-24B4-4C63-A706-B04787DC7296}.Ad-Hoc|Any CPU.Build.0 = Release|Any CPU
		{E4F78CC5-24B4-4C63-A706-B04787DC7296}.Ad-Hoc|Any CPU.Deploy.0 = Release|Any CPU
		{E4F78CC5-24B4-4C63-A706-B04787DC7296}.Ad-Hoc|ARM.ActiveCfg = Release|Any CPU
		{E4F78CC5-24B4-4C63-A706-B04787DC7296}.Ad-Hoc|ARM.Build.0 = Release|Any CPU
		{E4F78CC5-24B4-4C63-A706-B04787DC7296}.Ad-Hoc|ARM.Deploy.0 = Release|Any CPU
		{E4F78CC5-24B4-4C63-A706-B04787DC7296}.Ad-Hoc|iPhone.ActiveCfg = Release|Any CPU
		{E4F78CC5-24B4-4C63-A706-B04787DC7296}.Ad-Hoc|iPhone.Build.0 = Release|Any CPU
		{E4F78CC5-24B4-4C63-A706-B04787DC7296}.Ad-Hoc|iPhone.Deploy.0 = Release|Any CPU
		{E4F78CC5-24B4-4C63-A706-B04787DC7296}.Ad-Hoc|iPhoneSimulator.ActiveCfg = Release|Any CPU
		{E4F78CC5-24B4-4C63-A706-B04787DC7296}.Ad-Hoc|iPhoneSimulator.Build.0 = Release|Any CPU
		{E4F78CC5-24B4-4C63-A706-B04787DC7296}.Ad-Hoc|iPhoneSimulator.Deploy.0 = Release|Any CPU
		{E4F78CC5-24B4-4C63-A706-B04787DC7296}.Ad-Hoc|x64.ActiveCfg = Release|Any CPU
		{E4F78CC5-24B4-4C63-A706-B04787DC7296}.Ad-Hoc|x64.Build.0 = Release|Any CPU
		{E4F78CC5-24B4-4C63-A706-B04787DC7296}.Ad-Hoc|x64.Deploy.0 = Release|Any CPU
		{E4F78CC5-24B4-4C63-A706-B04787DC7296}.Ad-Hoc|x86.ActiveCfg = Release|Any CPU
		{E4F78CC5-24B4-4C63-A706-B04787DC7296}.Ad-Hoc|x86.Build.0 = Release|Any CPU
		{E4F78CC5-24B4-4C63-A706-B04787DC7296}.Ad-Hoc|x86.Deploy.0 = Release|Any CPU
		{E4F78CC5-24B4-4C63-A706-B04787DC7296}.AppStore|Any CPU.ActiveCfg = Release|Any CPU
		{E4F78CC5-24B4-4C63-A706-B04787DC7296}.AppStore|Any CPU.Build.0 = Release|Any CPU
		{E4F78CC5-24B4-4C63-A706-B04787DC7296}.AppStore|Any CPU.Deploy.0 = Release|Any CPU
		{E4F78CC5-24B4-4C63-A706-B04787DC7296}.AppStore|ARM.ActiveCfg = Release|Any CPU
		{E4F78CC5-24B4-4C63-A706-B04787DC7296}.AppStore|ARM.Build.0 = Release|Any CPU
		{E4F78CC5-24B4-4C63-A706-B04787DC7296}.AppStore|ARM.Deploy.0 = Release|Any CPU
		{E4F78CC5-24B4-4C63-A706-B04787DC7296}.AppStore|iPhone.ActiveCfg = Release|Any CPU
		{E4F78CC5-24B4-4C63-A706-B04787DC7296}.AppStore|iPhone.Build.0 = Release|Any CPU
		{E4F78CC5-24B4-4C63-A706-B04787DC7296}.AppStore|iPhone.Deploy.0 = Release|Any CPU
		{E4F78CC5-24B4-4C63-A706-B04787DC7296}.AppStore|iPhoneSimulator.ActiveCfg = Release|Any CPU
		{E4F78CC5-24B4-4C63-A706-B04787DC7296}.AppStore|iPhoneSimulator.Build.0 = Release|Any CPU
		{E4F78CC5-24B4-4C63-A706-B04787DC7296}.AppStore|iPhoneSimulator.Deploy.0 = Release|Any CPU
		{E4F78CC5-24B4-4C63-A706-B04787DC7296}.AppStore|x64.ActiveCfg = Release|Any CPU
		{E4F78CC5-24B4-4C63-A706-B04787DC7296}.AppStore|x64.Build.0 = Release|Any CPU
		{E4F78CC5-24B4-4C63-A706-B04787DC7296}.AppStore|x64.Deploy.0 = Release|Any CPU
		{E4F78CC5-24B4-4C63-A706-B04787DC7296}.AppStore|x86.ActiveCfg = Release|Any CPU
		{E4F78CC5-24B4-4C63-A706-B04787DC7296}.AppStore|x86.Build.0 = Release|Any CPU
		{E4F78CC5-24B4-4C63-A706-B04787DC7296}.AppStore|x86.Deploy.0 = Release|Any CPU
		{E4F78CC5-24B4-4C63-A706-B04787DC7296}.Debug|Any CPU.ActiveCfg = Debug|Any CPU
		{E4F78CC5-24B4-4C63-A706-B04787DC7296}.Debug|Any CPU.Build.0 = Debug|Any CPU
		{E4F78CC5-24B4-4C63-A706-B04787DC7296}.Debug|Any CPU.Deploy.0 = Debug|Any CPU
		{E4F78CC5-24B4-4C63-A706-B04787DC7296}.Debug|ARM.ActiveCfg = Debug|Any CPU
		{E4F78CC5-24B4-4C63-A706-B04787DC7296}.Debug|ARM.Build.0 = Debug|Any CPU
		{E4F78CC5-24B4-4C63-A706-B04787DC7296}.Debug|ARM.Deploy.0 = Debug|Any CPU
		{E4F78CC5-24B4-4C63-A706-B04787DC7296}.Debug|iPhone.ActiveCfg = Debug|Any CPU
		{E4F78CC5-24B4-4C63-A706-B04787DC7296}.Debug|iPhone.Build.0 = Debug|Any CPU
		{E4F78CC5-24B4-4C63-A706-B04787DC7296}.Debug|iPhone.Deploy.0 = Debug|Any CPU
		{E4F78CC5-24B4-4C63-A706-B04787DC7296}.Debug|iPhoneSimulator.ActiveCfg = Debug|Any CPU
		{E4F78CC5-24B4-4C63-A706-B04787DC7296}.Debug|iPhoneSimulator.Build.0 = Debug|Any CPU
		{E4F78CC5-24B4-4C63-A706-B04787DC7296}.Debug|iPhoneSimulator.Deploy.0 = Debug|Any CPU
		{E4F78CC5-24B4-4C63-A706-B04787DC7296}.Debug|x64.ActiveCfg = Debug|Any CPU
		{E4F78CC5-24B4-4C63-A706-B04787DC7296}.Debug|x64.Build.0 = Debug|Any CPU
		{E4F78CC5-24B4-4C63-A706-B04787DC7296}.Debug|x64.Deploy.0 = Debug|Any CPU
		{E4F78CC5-24B4-4C63-A706-B04787DC7296}.Debug|x86.ActiveCfg = Debug|Any CPU
		{E4F78CC5-24B4-4C63-A706-B04787DC7296}.Debug|x86.Build.0 = Debug|Any CPU
		{E4F78CC5-24B4-4C63-A706-B04787DC7296}.Debug|x86.Deploy.0 = Debug|Any CPU
		{E4F78CC5-24B4-4C63-A706-B04787DC7296}.Release|Any CPU.ActiveCfg = Release|Any CPU
		{E4F78CC5-24B4-4C63-A706-B04787DC7296}.Release|Any CPU.Build.0 = Release|Any CPU
		{E4F78CC5-24B4-4C63-A706-B04787DC7296}.Release|Any CPU.Deploy.0 = Release|Any CPU
		{E4F78CC5-24B4-4C63-A706-B04787DC7296}.Release|ARM.ActiveCfg = Release|Any CPU
		{E4F78CC5-24B4-4C63-A706-B04787DC7296}.Release|ARM.Build.0 = Release|Any CPU
		{E4F78CC5-24B4-4C63-A706-B04787DC7296}.Release|ARM.Deploy.0 = Release|Any CPU
		{E4F78CC5-24B4-4C63-A706-B04787DC7296}.Release|iPhone.ActiveCfg = Release|Any CPU
		{E4F78CC5-24B4-4C63-A706-B04787DC7296}.Release|iPhone.Build.0 = Release|Any CPU
		{E4F78CC5-24B4-4C63-A706-B04787DC7296}.Release|iPhone.Deploy.0 = Release|Any CPU
		{E4F78CC5-24B4-4C63-A706-B04787DC7296}.Release|iPhoneSimulator.ActiveCfg = Release|Any CPU
		{E4F78CC5-24B4-4C63-A706-B04787DC7296}.Release|iPhoneSimulator.Build.0 = Release|Any CPU
		{E4F78CC5-24B4-4C63-A706-B04787DC7296}.Release|iPhoneSimulator.Deploy.0 = Release|Any CPU
		{E4F78CC5-24B4-4C63-A706-B04787DC7296}.Release|x64.ActiveCfg = Release|Any CPU
		{E4F78CC5-24B4-4C63-A706-B04787DC7296}.Release|x64.Build.0 = Release|Any CPU
		{E4F78CC5-24B4-4C63-A706-B04787DC7296}.Release|x64.Deploy.0 = Release|Any CPU
		{E4F78CC5-24B4-4C63-A706-B04787DC7296}.Release|x86.ActiveCfg = Release|Any CPU
		{E4F78CC5-24B4-4C63-A706-B04787DC7296}.Release|x86.Build.0 = Release|Any CPU
		{E4F78CC5-24B4-4C63-A706-B04787DC7296}.Release|x86.Deploy.0 = Release|Any CPU
		{1C622F9E-2264-4DAF-9954-AC6C8CD31A55}.Ad-Hoc|Any CPU.ActiveCfg = Release|Any CPU
		{1C622F9E-2264-4DAF-9954-AC6C8CD31A55}.Ad-Hoc|Any CPU.Build.0 = Release|Any CPU
		{1C622F9E-2264-4DAF-9954-AC6C8CD31A55}.Ad-Hoc|ARM.ActiveCfg = Release|Any CPU
		{1C622F9E-2264-4DAF-9954-AC6C8CD31A55}.Ad-Hoc|ARM.Build.0 = Release|Any CPU
		{1C622F9E-2264-4DAF-9954-AC6C8CD31A55}.Ad-Hoc|iPhone.ActiveCfg = Release|Any CPU
		{1C622F9E-2264-4DAF-9954-AC6C8CD31A55}.Ad-Hoc|iPhone.Build.0 = Release|Any CPU
		{1C622F9E-2264-4DAF-9954-AC6C8CD31A55}.Ad-Hoc|iPhoneSimulator.ActiveCfg = Release|Any CPU
		{1C622F9E-2264-4DAF-9954-AC6C8CD31A55}.Ad-Hoc|iPhoneSimulator.Build.0 = Release|Any CPU
		{1C622F9E-2264-4DAF-9954-AC6C8CD31A55}.Ad-Hoc|x64.ActiveCfg = Release|Any CPU
		{1C622F9E-2264-4DAF-9954-AC6C8CD31A55}.Ad-Hoc|x64.Build.0 = Release|Any CPU
		{1C622F9E-2264-4DAF-9954-AC6C8CD31A55}.Ad-Hoc|x86.ActiveCfg = Release|Any CPU
		{1C622F9E-2264-4DAF-9954-AC6C8CD31A55}.Ad-Hoc|x86.Build.0 = Release|Any CPU
		{1C622F9E-2264-4DAF-9954-AC6C8CD31A55}.AppStore|Any CPU.ActiveCfg = Release|Any CPU
		{1C622F9E-2264-4DAF-9954-AC6C8CD31A55}.AppStore|Any CPU.Build.0 = Release|Any CPU
		{1C622F9E-2264-4DAF-9954-AC6C8CD31A55}.AppStore|ARM.ActiveCfg = Release|Any CPU
		{1C622F9E-2264-4DAF-9954-AC6C8CD31A55}.AppStore|ARM.Build.0 = Release|Any CPU
		{1C622F9E-2264-4DAF-9954-AC6C8CD31A55}.AppStore|iPhone.ActiveCfg = Release|Any CPU
		{1C622F9E-2264-4DAF-9954-AC6C8CD31A55}.AppStore|iPhone.Build.0 = Release|Any CPU
		{1C622F9E-2264-4DAF-9954-AC6C8CD31A55}.AppStore|iPhoneSimulator.ActiveCfg = Release|Any CPU
		{1C622F9E-2264-4DAF-9954-AC6C8CD31A55}.AppStore|iPhoneSimulator.Build.0 = Release|Any CPU
		{1C622F9E-2264-4DAF-9954-AC6C8CD31A55}.AppStore|x64.ActiveCfg = Release|Any CPU
		{1C622F9E-2264-4DAF-9954-AC6C8CD31A55}.AppStore|x64.Build.0 = Release|Any CPU
		{1C622F9E-2264-4DAF-9954-AC6C8CD31A55}.AppStore|x86.ActiveCfg = Release|Any CPU
		{1C622F9E-2264-4DAF-9954-AC6C8CD31A55}.AppStore|x86.Build.0 = Release|Any CPU
		{1C622F9E-2264-4DAF-9954-AC6C8CD31A55}.Debug|Any CPU.ActiveCfg = Debug|Any CPU
		{1C622F9E-2264-4DAF-9954-AC6C8CD31A55}.Debug|Any CPU.Build.0 = Debug|Any CPU
		{1C622F9E-2264-4DAF-9954-AC6C8CD31A55}.Debug|ARM.ActiveCfg = Debug|Any CPU
		{1C622F9E-2264-4DAF-9954-AC6C8CD31A55}.Debug|ARM.Build.0 = Debug|Any CPU
		{1C622F9E-2264-4DAF-9954-AC6C8CD31A55}.Debug|iPhone.ActiveCfg = Debug|Any CPU
		{1C622F9E-2264-4DAF-9954-AC6C8CD31A55}.Debug|iPhone.Build.0 = Debug|Any CPU
		{1C622F9E-2264-4DAF-9954-AC6C8CD31A55}.Debug|iPhoneSimulator.ActiveCfg = Debug|Any CPU
		{1C622F9E-2264-4DAF-9954-AC6C8CD31A55}.Debug|iPhoneSimulator.Build.0 = Debug|Any CPU
		{1C622F9E-2264-4DAF-9954-AC6C8CD31A55}.Debug|x64.ActiveCfg = Debug|Any CPU
		{1C622F9E-2264-4DAF-9954-AC6C8CD31A55}.Debug|x64.Build.0 = Debug|Any CPU
		{1C622F9E-2264-4DAF-9954-AC6C8CD31A55}.Debug|x86.ActiveCfg = Debug|Any CPU
		{1C622F9E-2264-4DAF-9954-AC6C8CD31A55}.Debug|x86.Build.0 = Debug|Any CPU
		{1C622F9E-2264-4DAF-9954-AC6C8CD31A55}.Release|Any CPU.ActiveCfg = Release|Any CPU
		{1C622F9E-2264-4DAF-9954-AC6C8CD31A55}.Release|Any CPU.Build.0 = Release|Any CPU
		{1C622F9E-2264-4DAF-9954-AC6C8CD31A55}.Release|ARM.ActiveCfg = Release|Any CPU
		{1C622F9E-2264-4DAF-9954-AC6C8CD31A55}.Release|ARM.Build.0 = Release|Any CPU
		{1C622F9E-2264-4DAF-9954-AC6C8CD31A55}.Release|iPhone.ActiveCfg = Release|Any CPU
		{1C622F9E-2264-4DAF-9954-AC6C8CD31A55}.Release|iPhone.Build.0 = Release|Any CPU
		{1C622F9E-2264-4DAF-9954-AC6C8CD31A55}.Release|iPhoneSimulator.ActiveCfg = Release|Any CPU
		{1C622F9E-2264-4DAF-9954-AC6C8CD31A55}.Release|iPhoneSimulator.Build.0 = Release|Any CPU
		{1C622F9E-2264-4DAF-9954-AC6C8CD31A55}.Release|x64.ActiveCfg = Release|Any CPU
		{1C622F9E-2264-4DAF-9954-AC6C8CD31A55}.Release|x64.Build.0 = Release|Any CPU
		{1C622F9E-2264-4DAF-9954-AC6C8CD31A55}.Release|x86.ActiveCfg = Release|Any CPU
		{1C622F9E-2264-4DAF-9954-AC6C8CD31A55}.Release|x86.Build.0 = Release|Any CPU
		{B76FE410-7E2C-4696-ABCD-13EE295E9AEA}.Ad-Hoc|Any CPU.ActiveCfg = Release|x86
		{B76FE410-7E2C-4696-ABCD-13EE295E9AEA}.Ad-Hoc|Any CPU.Build.0 = Release|x86
		{B76FE410-7E2C-4696-ABCD-13EE295E9AEA}.Ad-Hoc|Any CPU.Deploy.0 = Release|x86
		{B76FE410-7E2C-4696-ABCD-13EE295E9AEA}.Ad-Hoc|ARM.ActiveCfg = Release|ARM
		{B76FE410-7E2C-4696-ABCD-13EE295E9AEA}.Ad-Hoc|ARM.Build.0 = Release|ARM
		{B76FE410-7E2C-4696-ABCD-13EE295E9AEA}.Ad-Hoc|ARM.Deploy.0 = Release|ARM
		{B76FE410-7E2C-4696-ABCD-13EE295E9AEA}.Ad-Hoc|iPhone.ActiveCfg = Release|x86
		{B76FE410-7E2C-4696-ABCD-13EE295E9AEA}.Ad-Hoc|iPhone.Build.0 = Release|x86
		{B76FE410-7E2C-4696-ABCD-13EE295E9AEA}.Ad-Hoc|iPhone.Deploy.0 = Release|x86
		{B76FE410-7E2C-4696-ABCD-13EE295E9AEA}.Ad-Hoc|iPhoneSimulator.ActiveCfg = Release|x86
		{B76FE410-7E2C-4696-ABCD-13EE295E9AEA}.Ad-Hoc|iPhoneSimulator.Build.0 = Release|x86
		{B76FE410-7E2C-4696-ABCD-13EE295E9AEA}.Ad-Hoc|iPhoneSimulator.Deploy.0 = Release|x86
		{B76FE410-7E2C-4696-ABCD-13EE295E9AEA}.Ad-Hoc|x64.ActiveCfg = Release|x64
		{B76FE410-7E2C-4696-ABCD-13EE295E9AEA}.Ad-Hoc|x64.Build.0 = Release|x64
		{B76FE410-7E2C-4696-ABCD-13EE295E9AEA}.Ad-Hoc|x64.Deploy.0 = Release|x64
		{B76FE410-7E2C-4696-ABCD-13EE295E9AEA}.Ad-Hoc|x86.ActiveCfg = Release|x86
		{B76FE410-7E2C-4696-ABCD-13EE295E9AEA}.Ad-Hoc|x86.Build.0 = Release|x86
		{B76FE410-7E2C-4696-ABCD-13EE295E9AEA}.Ad-Hoc|x86.Deploy.0 = Release|x86
		{B76FE410-7E2C-4696-ABCD-13EE295E9AEA}.AppStore|Any CPU.ActiveCfg = Release|x86
		{B76FE410-7E2C-4696-ABCD-13EE295E9AEA}.AppStore|Any CPU.Build.0 = Release|x86
		{B76FE410-7E2C-4696-ABCD-13EE295E9AEA}.AppStore|Any CPU.Deploy.0 = Release|x86
		{B76FE410-7E2C-4696-ABCD-13EE295E9AEA}.AppStore|ARM.ActiveCfg = Release|ARM
		{B76FE410-7E2C-4696-ABCD-13EE295E9AEA}.AppStore|ARM.Build.0 = Release|ARM
		{B76FE410-7E2C-4696-ABCD-13EE295E9AEA}.AppStore|ARM.Deploy.0 = Release|ARM
		{B76FE410-7E2C-4696-ABCD-13EE295E9AEA}.AppStore|iPhone.ActiveCfg = Release|x86
		{B76FE410-7E2C-4696-ABCD-13EE295E9AEA}.AppStore|iPhone.Build.0 = Release|x86
		{B76FE410-7E2C-4696-ABCD-13EE295E9AEA}.AppStore|iPhone.Deploy.0 = Release|x86
		{B76FE410-7E2C-4696-ABCD-13EE295E9AEA}.AppStore|iPhoneSimulator.ActiveCfg = Release|x86
		{B76FE410-7E2C-4696-ABCD-13EE295E9AEA}.AppStore|iPhoneSimulator.Build.0 = Release|x86
		{B76FE410-7E2C-4696-ABCD-13EE295E9AEA}.AppStore|iPhoneSimulator.Deploy.0 = Release|x86
		{B76FE410-7E2C-4696-ABCD-13EE295E9AEA}.AppStore|x64.ActiveCfg = Release|x64
		{B76FE410-7E2C-4696-ABCD-13EE295E9AEA}.AppStore|x64.Build.0 = Release|x64
		{B76FE410-7E2C-4696-ABCD-13EE295E9AEA}.AppStore|x64.Deploy.0 = Release|x64
		{B76FE410-7E2C-4696-ABCD-13EE295E9AEA}.AppStore|x86.ActiveCfg = Release|x86
		{B76FE410-7E2C-4696-ABCD-13EE295E9AEA}.AppStore|x86.Build.0 = Release|x86
		{B76FE410-7E2C-4696-ABCD-13EE295E9AEA}.AppStore|x86.Deploy.0 = Release|x86
		{B76FE410-7E2C-4696-ABCD-13EE295E9AEA}.Debug|Any CPU.ActiveCfg = Debug|x86
		{B76FE410-7E2C-4696-ABCD-13EE295E9AEA}.Debug|Any CPU.Build.0 = Debug|x86
		{B76FE410-7E2C-4696-ABCD-13EE295E9AEA}.Debug|Any CPU.Deploy.0 = Debug|x86
		{B76FE410-7E2C-4696-ABCD-13EE295E9AEA}.Debug|ARM.ActiveCfg = Debug|ARM
		{B76FE410-7E2C-4696-ABCD-13EE295E9AEA}.Debug|ARM.Build.0 = Debug|ARM
		{B76FE410-7E2C-4696-ABCD-13EE295E9AEA}.Debug|ARM.Deploy.0 = Debug|ARM
		{B76FE410-7E2C-4696-ABCD-13EE295E9AEA}.Debug|iPhone.ActiveCfg = Debug|x86
		{B76FE410-7E2C-4696-ABCD-13EE295E9AEA}.Debug|iPhoneSimulator.ActiveCfg = Debug|x86
		{B76FE410-7E2C-4696-ABCD-13EE295E9AEA}.Debug|x64.ActiveCfg = Debug|x64
		{B76FE410-7E2C-4696-ABCD-13EE295E9AEA}.Debug|x64.Build.0 = Debug|x64
		{B76FE410-7E2C-4696-ABCD-13EE295E9AEA}.Debug|x64.Deploy.0 = Debug|x64
		{B76FE410-7E2C-4696-ABCD-13EE295E9AEA}.Debug|x86.ActiveCfg = Debug|x86
		{B76FE410-7E2C-4696-ABCD-13EE295E9AEA}.Debug|x86.Build.0 = Debug|x86
		{B76FE410-7E2C-4696-ABCD-13EE295E9AEA}.Debug|x86.Deploy.0 = Debug|x86
		{B76FE410-7E2C-4696-ABCD-13EE295E9AEA}.Release|Any CPU.ActiveCfg = Release|x86
		{B76FE410-7E2C-4696-ABCD-13EE295E9AEA}.Release|Any CPU.Build.0 = Release|x86
		{B76FE410-7E2C-4696-ABCD-13EE295E9AEA}.Release|Any CPU.Deploy.0 = Release|x86
		{B76FE410-7E2C-4696-ABCD-13EE295E9AEA}.Release|ARM.ActiveCfg = Release|ARM
		{B76FE410-7E2C-4696-ABCD-13EE295E9AEA}.Release|ARM.Build.0 = Release|ARM
		{B76FE410-7E2C-4696-ABCD-13EE295E9AEA}.Release|ARM.Deploy.0 = Release|ARM
		{B76FE410-7E2C-4696-ABCD-13EE295E9AEA}.Release|iPhone.ActiveCfg = Release|x86
		{B76FE410-7E2C-4696-ABCD-13EE295E9AEA}.Release|iPhoneSimulator.ActiveCfg = Release|x86
		{B76FE410-7E2C-4696-ABCD-13EE295E9AEA}.Release|x64.ActiveCfg = Release|x64
		{B76FE410-7E2C-4696-ABCD-13EE295E9AEA}.Release|x64.Build.0 = Release|x64
		{B76FE410-7E2C-4696-ABCD-13EE295E9AEA}.Release|x64.Deploy.0 = Release|x64
		{B76FE410-7E2C-4696-ABCD-13EE295E9AEA}.Release|x86.ActiveCfg = Release|x86
		{B76FE410-7E2C-4696-ABCD-13EE295E9AEA}.Release|x86.Build.0 = Release|x86
		{B76FE410-7E2C-4696-ABCD-13EE295E9AEA}.Release|x86.Deploy.0 = Release|x86
		{B7DD3729-3475-4F1B-832B-67C2939ABC21}.Ad-Hoc|Any CPU.ActiveCfg = Ad-Hoc|iPhone
		{B7DD3729-3475-4F1B-832B-67C2939ABC21}.Ad-Hoc|ARM.ActiveCfg = Ad-Hoc|iPhone
		{B7DD3729-3475-4F1B-832B-67C2939ABC21}.Ad-Hoc|iPhone.ActiveCfg = Ad-Hoc|iPhone
		{B7DD3729-3475-4F1B-832B-67C2939ABC21}.Ad-Hoc|iPhone.Build.0 = Ad-Hoc|iPhone
		{B7DD3729-3475-4F1B-832B-67C2939ABC21}.Ad-Hoc|iPhoneSimulator.ActiveCfg = Ad-Hoc|iPhoneSimulator
		{B7DD3729-3475-4F1B-832B-67C2939ABC21}.Ad-Hoc|iPhoneSimulator.Build.0 = Ad-Hoc|iPhoneSimulator
		{B7DD3729-3475-4F1B-832B-67C2939ABC21}.Ad-Hoc|x64.ActiveCfg = Ad-Hoc|iPhone
		{B7DD3729-3475-4F1B-832B-67C2939ABC21}.Ad-Hoc|x86.ActiveCfg = Ad-Hoc|iPhone
		{B7DD3729-3475-4F1B-832B-67C2939ABC21}.AppStore|Any CPU.ActiveCfg = AppStore|iPhone
		{B7DD3729-3475-4F1B-832B-67C2939ABC21}.AppStore|ARM.ActiveCfg = AppStore|iPhone
		{B7DD3729-3475-4F1B-832B-67C2939ABC21}.AppStore|iPhone.ActiveCfg = AppStore|iPhone
		{B7DD3729-3475-4F1B-832B-67C2939ABC21}.AppStore|iPhone.Build.0 = AppStore|iPhone
		{B7DD3729-3475-4F1B-832B-67C2939ABC21}.AppStore|iPhoneSimulator.ActiveCfg = AppStore|iPhoneSimulator
		{B7DD3729-3475-4F1B-832B-67C2939ABC21}.AppStore|iPhoneSimulator.Build.0 = AppStore|iPhoneSimulator
		{B7DD3729-3475-4F1B-832B-67C2939ABC21}.AppStore|x64.ActiveCfg = AppStore|iPhone
		{B7DD3729-3475-4F1B-832B-67C2939ABC21}.AppStore|x86.ActiveCfg = AppStore|iPhone
		{B7DD3729-3475-4F1B-832B-67C2939ABC21}.Debug|Any CPU.ActiveCfg = Debug|iPhone
		{B7DD3729-3475-4F1B-832B-67C2939ABC21}.Debug|Any CPU.Build.0 = Debug|iPhone
		{B7DD3729-3475-4F1B-832B-67C2939ABC21}.Debug|ARM.ActiveCfg = Debug|iPhone
		{B7DD3729-3475-4F1B-832B-67C2939ABC21}.Debug|iPhone.ActiveCfg = Debug|iPhone
		{B7DD3729-3475-4F1B-832B-67C2939ABC21}.Debug|iPhone.Build.0 = Debug|iPhone
		{B7DD3729-3475-4F1B-832B-67C2939ABC21}.Debug|iPhoneSimulator.ActiveCfg = Debug|iPhoneSimulator
		{B7DD3729-3475-4F1B-832B-67C2939ABC21}.Debug|iPhoneSimulator.Build.0 = Debug|iPhoneSimulator
		{B7DD3729-3475-4F1B-832B-67C2939ABC21}.Debug|x64.ActiveCfg = Debug|iPhone
		{B7DD3729-3475-4F1B-832B-67C2939ABC21}.Debug|x86.ActiveCfg = Debug|iPhone
		{B7DD3729-3475-4F1B-832B-67C2939ABC21}.Release|Any CPU.ActiveCfg = Release|iPhone
		{B7DD3729-3475-4F1B-832B-67C2939ABC21}.Release|Any CPU.Build.0 = Release|iPhone
		{B7DD3729-3475-4F1B-832B-67C2939ABC21}.Release|ARM.ActiveCfg = Release|iPhone
		{B7DD3729-3475-4F1B-832B-67C2939ABC21}.Release|iPhone.ActiveCfg = Release|iPhone
		{B7DD3729-3475-4F1B-832B-67C2939ABC21}.Release|iPhone.Build.0 = Release|iPhone
		{B7DD3729-3475-4F1B-832B-67C2939ABC21}.Release|iPhoneSimulator.ActiveCfg = Release|iPhoneSimulator
		{B7DD3729-3475-4F1B-832B-67C2939ABC21}.Release|iPhoneSimulator.Build.0 = Release|iPhoneSimulator
		{B7DD3729-3475-4F1B-832B-67C2939ABC21}.Release|x64.ActiveCfg = Release|iPhone
		{B7DD3729-3475-4F1B-832B-67C2939ABC21}.Release|x86.ActiveCfg = Release|iPhone
	EndGlobalSection
	GlobalSection(SolutionProperties) = preSolution
		HideSolutionNode = FALSE
	EndGlobalSection
EndGlobal
